
Microsoft Visual Studio Solution File, Format Version 12.00
# Visual Studio 15
VisualStudioVersion = 15.0.28307.852
MinimumVisualStudioVersion = 10.0.40219.1
Project("{FAE04EC0-301F-11D3-BF4B-00C04F79EFBC}") = "RandomPaint", "RandomPaint\RandomPaint.csproj", "{89389E08-825C-4068-86B9-540CB73CAF29}"
EndProject
Project("{FAE04EC0-301F-11D3-BF4B-00C04F79EFBC}") = "Definition", "Definition\Definition.csproj", "{F6178C52-EEDA-46BD-BD89-299C272873EA}"
EndProject
Project("{FAE04EC0-301F-11D3-BF4B-00C04F79EFBC}") = "Model", "Model\Model.csproj", "{D2AAE209-146F-4C18-A2CC-3A9BC716EDF6}"
EndProject
Global
	GlobalSection(SolutionConfigurationPlatforms) = preSolution
		Debug|Any CPU = Debug|Any CPU
		Release|Any CPU = Release|Any CPU
	EndGlobalSection
	GlobalSection(ProjectConfigurationPlatforms) = postSolution
		{89389E08-825C-4068-86B9-540CB73CAF29}.Debug|Any CPU.ActiveCfg = Debug|Any CPU
		{89389E08-825C-4068-86B9-540CB73CAF29}.Debug|Any CPU.Build.0 = Debug|Any CPU
		{89389E08-825C-4068-86B9-540CB73CAF29}.Release|Any CPU.ActiveCfg = Release|Any CPU
		{89389E08-825C-4068-86B9-540CB73CAF29}.Release|Any CPU.Build.0 = Release|Any CPU
		{F6178C52-EEDA-46BD-BD89-299C272873EA}.Debug|Any CPU.ActiveCfg = Debug|Any CPU
		{F6178C52-EEDA-46BD-BD89-299C272873EA}.Debug|Any CPU.Build.0 = Debug|Any CPU
		{F6178C52-EEDA-46BD-BD89-299C272873EA}.Release|Any CPU.ActiveCfg = Release|Any CPU
		{F6178C52-EEDA-46BD-BD89-299C272873EA}.Release|Any CPU.Build.0 = Release|Any CPU
		{D2AAE209-146F-4C18-A2CC-3A9BC716EDF6}.Debug|Any CPU.ActiveCfg = Debug|Any CPU
		{D2AAE209-146F-4C18-A2CC-3A9BC716EDF6}.Debug|Any CPU.Build.0 = Debug|Any CPU
		{D2AAE209-146F-4C18-A2CC-3A9BC716EDF6}.Release|Any CPU.ActiveCfg = Release|Any CPU
		{D2AAE209-146F-4C18-A2CC-3A9BC716EDF6}.Release|Any CPU.Build.0 = Release|Any CPU
	EndGlobalSection
	GlobalSection(SolutionProperties) = preSolution
		HideSolutionNode = FALSE
	EndGlobalSection
	GlobalSection(ExtensibilityGlobals) = postSolution
		SolutionGuid = {7797A153-DE49-4C6C-9A9F-C83153E2A102}
	EndGlobalSection
EndGlobal
